
Microsoft Visual Studio Solution File, Format Version 12.00
# Visual Studio 2013
VisualStudioVersion = 12.0.30723.0
MinimumVisualStudioVersion = 10.0.40219.1
Project("{FAE04EC0-301F-11D3-BF4B-00C04F79EFBC}") = "ConvertOfficeFiles", "ConvertOfficeFiles\ConvertOfficeFiles.csproj", "{1273DD37-6329-4CE8-B3C9-34BB8C02156E}"
EndProject
Project("{2150E333-8FDC-42A3-9474-1A3956D46DE8}") = "Solution Items", "Solution Items", "{19571C00-98F5-4A56-ACA3-3D9174972DC1}"
EndProject
Global
	GlobalSection(SolutionConfigurationPlatforms) = preSolution
		Debug|x86 = Debug|x86
		Release|x86 = Release|x86
	EndGlobalSection
	GlobalSection(ProjectConfigurationPlatforms) = postSolution
		{1273DD37-6329-4CE8-B3C9-34BB8C02156E}.Debug|x86.ActiveCfg = Release|x86
		{1273DD37-6329-4CE8-B3C9-34BB8C02156E}.Debug|x86.Build.0 = Release|x86
		{1273DD37-6329-4CE8-B3C9-34BB8C02156E}.Release|x86.ActiveCfg = Release|x86
		{1273DD37-6329-4CE8-B3C9-34BB8C02156E}.Release|x86.Build.0 = Release|x86
	EndGlobalSection
	GlobalSection(SolutionProperties) = preSolution
		HideSolutionNode = FALSE
	EndGlobalSection
EndGlobal
